
Microsoft Visual Studio Solution File, Format Version 12.00
# Visual Studio Version 16
VisualStudioVersion = 16.0.29326.143
MinimumVisualStudioVersion = 10.0.40219.1
Project("{FAE04EC0-301F-11D3-BF4B-00C04F79EFBC}") = "EnterpriseNumberGetter.Tests", "EnterpriseNumberGetter.Tests\EnterpriseNumberGetter.Tests.csproj", "{A8842978-F6CA-4DDA-8072-7B15BE5C5E7B}"
EndProject
Project("{FAE04EC0-301F-11D3-BF4B-00C04F79EFBC}") = "EnterpriseNumberGetter.Core", "EnterpriseNumberGetter.Core\EnterpriseNumberGetter.Core.csproj", "{5EF1FE34-95D2-4C48-A7D4-771EBDE665AE}"
EndProject
Project("{FAE04EC0-301F-11D3-BF4B-00C04F79EFBC}") = "EnterpriseNumberGetter", "EnterpriseNumberGetter\EnterpriseNumberGetter.csproj", "{1B576ADD-FCCD-4868-8DAB-7C24AD6407B2}"
EndProject
Project("{FAE04EC0-301F-11D3-BF4B-00C04F79EFBC}") = "EnterpriseNumberGetter.Api", "EnterpriseNumberGetter.Api\EnterpriseNumberGetter.Api.csproj", "{562C1AAD-734E-40AC-9E2E-614CB8FD15C5}"
EndProject
Global
	GlobalSection(SolutionConfigurationPlatforms) = preSolution
		Debug|Any CPU = Debug|Any CPU
		Release|Any CPU = Release|Any CPU
	EndGlobalSection
	GlobalSection(ProjectConfigurationPlatforms) = postSolution
		{A8842978-F6CA-4DDA-8072-7B15BE5C5E7B}.Debug|Any CPU.ActiveCfg = Debug|Any CPU
		{A8842978-F6CA-4DDA-8072-7B15BE5C5E7B}.Debug|Any CPU.Build.0 = Debug|Any CPU
		{A8842978-F6CA-4DDA-8072-7B15BE5C5E7B}.Release|Any CPU.ActiveCfg = Release|Any CPU
		{A8842978-F6CA-4DDA-8072-7B15BE5C5E7B}.Release|Any CPU.Build.0 = Release|Any CPU
		{5EF1FE34-95D2-4C48-A7D4-771EBDE665AE}.Debug|Any CPU.ActiveCfg = Debug|Any CPU
		{5EF1FE34-95D2-4C48-A7D4-771EBDE665AE}.Debug|Any CPU.Build.0 = Debug|Any CPU
		{5EF1FE34-95D2-4C48-A7D4-771EBDE665AE}.Release|Any CPU.ActiveCfg = Release|Any CPU
		{5EF1FE34-95D2-4C48-A7D4-771EBDE665AE}.Release|Any CPU.Build.0 = Release|Any CPU
		{1B576ADD-FCCD-4868-8DAB-7C24AD6407B2}.Debug|Any CPU.ActiveCfg = Debug|Any CPU
		{1B576ADD-FCCD-4868-8DAB-7C24AD6407B2}.Debug|Any CPU.Build.0 = Debug|Any CPU
		{1B576ADD-FCCD-4868-8DAB-7C24AD6407B2}.Release|Any CPU.ActiveCfg = Release|Any CPU
		{1B576ADD-FCCD-4868-8DAB-7C24AD6407B2}.Release|Any CPU.Build.0 = Release|Any CPU
		{562C1AAD-734E-40AC-9E2E-614CB8FD15C5}.Debug|Any CPU.ActiveCfg = Debug|Any CPU
		{562C1AAD-734E-40AC-9E2E-614CB8FD15C5}.Debug|Any CPU.Build.0 = Debug|Any CPU
		{562C1AAD-734E-40AC-9E2E-614CB8FD15C5}.Release|Any CPU.ActiveCfg = Release|Any CPU
		{562C1AAD-734E-40AC-9E2E-614CB8FD15C5}.Release|Any CPU.Build.0 = Release|Any CPU
	EndGlobalSection
	GlobalSection(SolutionProperties) = preSolution
		HideSolutionNode = FALSE
	EndGlobalSection
	GlobalSection(ExtensibilityGlobals) = postSolution
		SolutionGuid = {3EB635E7-A706-45AC-AED5-67D5DE6BC9EB}
	EndGlobalSection
EndGlobal
